
Microsoft Visual Studio Solution File, Format Version 12.00
# Visual Studio Version 16
VisualStudioVersion = 16.0.32002.261
MinimumVisualStudioVersion = 10.0.40219.1
Project("{FAE04EC0-301F-11D3-BF4B-00C04F79EFBC}") = "DockerExampleAPI", "DockerExampleAPI\DockerExampleAPI.csproj", "{9877E1B0-8991-4F44-BA1F-715419BFA8D1}"
EndProject
Global
	GlobalSection(SolutionConfigurationPlatforms) = preSolution
		Debug|Any CPU = Debug|Any CPU
		Release|Any CPU = Release|Any CPU
	EndGlobalSection
	GlobalSection(ProjectConfigurationPlatforms) = postSolution
		{9877E1B0-8991-4F44-BA1F-715419BFA8D1}.Debug|Any CPU.ActiveCfg = Debug|Any CPU
		{9877E1B0-8991-4F44-BA1F-715419BFA8D1}.Debug|Any CPU.Build.0 = Debug|Any CPU
		{9877E1B0-8991-4F44-BA1F-715419BFA8D1}.Release|Any CPU.ActiveCfg = Release|Any CPU
		{9877E1B0-8991-4F44-BA1F-715419BFA8D1}.Release|Any CPU.Build.0 = Release|Any CPU
	EndGlobalSection
	GlobalSection(SolutionProperties) = preSolution
		HideSolutionNode = FALSE
	EndGlobalSection
	GlobalSection(ExtensibilityGlobals) = postSolution
		SolutionGuid = {CF096828-C789-4FF7-B1ED-49C5D12C1343}
	EndGlobalSection
EndGlobal
